
Microsoft Visual Studio Solution File, Format Version 12.00
# Visual Studio 15
VisualStudioVersion = 15.0.27004.2008
MinimumVisualStudioVersion = 10.0.40219.1
Project("{FAE04EC0-301F-11D3-BF4B-00C04F79EFBC}") = "Anagram", "Anagram\Anagram.csproj", "{2DB654F2-0161-464F-A3CA-502FCFB2433A}"
EndProject
Global
	GlobalSection(SolutionConfigurationPlatforms) = preSolution
		Debug|Any CPU = Debug|Any CPU
		Release|Any CPU = Release|Any CPU
	EndGlobalSection
	GlobalSection(ProjectConfigurationPlatforms) = postSolution
		{2DB654F2-0161-464F-A3CA-502FCFB2433A}.Debug|Any CPU.ActiveCfg = Debug|Any CPU
		{2DB654F2-0161-464F-A3CA-502FCFB2433A}.Debug|Any CPU.Build.0 = Debug|Any CPU
		{2DB654F2-0161-464F-A3CA-502FCFB2433A}.Release|Any CPU.ActiveCfg = Release|Any CPU
		{2DB654F2-0161-464F-A3CA-502FCFB2433A}.Release|Any CPU.Build.0 = Release|Any CPU
	EndGlobalSection
	GlobalSection(SolutionProperties) = preSolution
		HideSolutionNode = FALSE
	EndGlobalSection
	GlobalSection(ExtensibilityGlobals) = postSolution
		SolutionGuid = {950FE6C5-A42D-45B9-9D7E-E87176587037}
	EndGlobalSection
EndGlobal
