
Microsoft Visual Studio Solution File, Format Version 12.00
# Visual Studio 15
VisualStudioVersion = 15.0.27004.2008
MinimumVisualStudioVersion = 10.0.40219.1
Project("{FAE04EC0-301F-11D3-BF4B-00C04F79EFBC}") = "Grading Students_HackerRank", "Grading Students_HackerRank\Grading Students_HackerRank.csproj", "{E3E8AA75-1417-4A5D-9A37-098572105913}"
EndProject
Global
	GlobalSection(SolutionConfigurationPlatforms) = preSolution
		Debug|Any CPU = Debug|Any CPU
		Release|Any CPU = Release|Any CPU
	EndGlobalSection
	GlobalSection(ProjectConfigurationPlatforms) = postSolution
		{E3E8AA75-1417-4A5D-9A37-098572105913}.Debug|Any CPU.ActiveCfg = Debug|Any CPU
		{E3E8AA75-1417-4A5D-9A37-098572105913}.Debug|Any CPU.Build.0 = Debug|Any CPU
		{E3E8AA75-1417-4A5D-9A37-098572105913}.Release|Any CPU.ActiveCfg = Release|Any CPU
		{E3E8AA75-1417-4A5D-9A37-098572105913}.Release|Any CPU.Build.0 = Release|Any CPU
	EndGlobalSection
	GlobalSection(SolutionProperties) = preSolution
		HideSolutionNode = FALSE
	EndGlobalSection
	GlobalSection(ExtensibilityGlobals) = postSolution
		SolutionGuid = {B87CE195-FE39-4F96-AA14-674E50DF1E45}
	EndGlobalSection
EndGlobal
