
Microsoft Visual Studio Solution File, Format Version 12.00
# Visual Studio 15
VisualStudioVersion = 15.0.27004.2008
MinimumVisualStudioVersion = 10.0.40219.1
Project("{FAE04EC0-301F-11D3-BF4B-00C04F79EFBC}") = "InterviewPrograms", "InterviewPrograms\InterviewPrograms.csproj", "{640FB811-5717-4710-84A8-E8AB5781872F}"
EndProject
Global
	GlobalSection(SolutionConfigurationPlatforms) = preSolution
		Debug|Any CPU = Debug|Any CPU
		Release|Any CPU = Release|Any CPU
	EndGlobalSection
	GlobalSection(ProjectConfigurationPlatforms) = postSolution
		{640FB811-5717-4710-84A8-E8AB5781872F}.Debug|Any CPU.ActiveCfg = Debug|Any CPU
		{640FB811-5717-4710-84A8-E8AB5781872F}.Debug|Any CPU.Build.0 = Debug|Any CPU
		{640FB811-5717-4710-84A8-E8AB5781872F}.Release|Any CPU.ActiveCfg = Release|Any CPU
		{640FB811-5717-4710-84A8-E8AB5781872F}.Release|Any CPU.Build.0 = Release|Any CPU
	EndGlobalSection
	GlobalSection(SolutionProperties) = preSolution
		HideSolutionNode = FALSE
	EndGlobalSection
	GlobalSection(ExtensibilityGlobals) = postSolution
		SolutionGuid = {EB377C72-E7F5-4A72-9FFF-49E212A366BD}
	EndGlobalSection
EndGlobal
