
Microsoft Visual Studio Solution File, Format Version 12.00
# Visual Studio 15
VisualStudioVersion = 15.0.27004.2008
MinimumVisualStudioVersion = 10.0.40219.1
Project("{FAE04EC0-301F-11D3-BF4B-00C04F79EFBC}") = "Breaking the Records_HackerRank", "Breaking the Records_HackerRank\Breaking the Records_HackerRank.csproj", "{608C7BE4-CDE0-4E6A-9291-E76464C673EE}"
EndProject
Global
	GlobalSection(SolutionConfigurationPlatforms) = preSolution
		Debug|Any CPU = Debug|Any CPU
		Release|Any CPU = Release|Any CPU
	EndGlobalSection
	GlobalSection(ProjectConfigurationPlatforms) = postSolution
		{608C7BE4-CDE0-4E6A-9291-E76464C673EE}.Debug|Any CPU.ActiveCfg = Debug|Any CPU
		{608C7BE4-CDE0-4E6A-9291-E76464C673EE}.Debug|Any CPU.Build.0 = Debug|Any CPU
		{608C7BE4-CDE0-4E6A-9291-E76464C673EE}.Release|Any CPU.ActiveCfg = Release|Any CPU
		{608C7BE4-CDE0-4E6A-9291-E76464C673EE}.Release|Any CPU.Build.0 = Release|Any CPU
	EndGlobalSection
	GlobalSection(SolutionProperties) = preSolution
		HideSolutionNode = FALSE
	EndGlobalSection
	GlobalSection(ExtensibilityGlobals) = postSolution
		SolutionGuid = {0BDECE2E-1770-4B29-8081-03E44B7DDA2B}
	EndGlobalSection
EndGlobal
