
Microsoft Visual Studio Solution File, Format Version 12.00
# Visual Studio 15
VisualStudioVersion = 15.0.27004.2008
MinimumVisualStudioVersion = 10.0.40219.1
Project("{E24C65DC-7377-472B-9ABA-BC803B73C61A}") = "WebSite1(1)", "G:\MyWorkSpace\WebSite1\", "{E45C2DD8-0EB2-47E5-83EA-72FC22DD8A9E}"
	ProjectSection(WebsiteProperties) = preProject
		TargetFrameworkMoniker = ".NETFramework,Version%3Dv4.6.1"
		Debug.AspNetCompiler.VirtualPath = "/localhost_51974"
		Debug.AspNetCompiler.PhysicalPath = "G:\MyWorkSpace\WebSite1\"
		Debug.AspNetCompiler.TargetPath = "PrecompiledWeb\localhost_51974\"
		Debug.AspNetCompiler.Updateable = "true"
		Debug.AspNetCompiler.ForceOverwrite = "true"
		Debug.AspNetCompiler.FixedNames = "false"
		Debug.AspNetCompiler.Debug = "True"
		Release.AspNetCompiler.VirtualPath = "/localhost_51974"
		Release.AspNetCompiler.PhysicalPath = "G:\MyWorkSpace\WebSite1\"
		Release.AspNetCompiler.TargetPath = "PrecompiledWeb\localhost_51974\"
		Release.AspNetCompiler.Updateable = "true"
		Release.AspNetCompiler.ForceOverwrite = "true"
		Release.AspNetCompiler.FixedNames = "false"
		Release.AspNetCompiler.Debug = "False"
		VWDPort = "51974"
		SlnRelativePath = "G:\MyWorkSpace\WebSite1\"
		DefaultWebSiteLanguage = "Visual C#"
	EndProjectSection
EndProject
Global
	GlobalSection(SolutionConfigurationPlatforms) = preSolution
		Debug|Any CPU = Debug|Any CPU
	EndGlobalSection
	GlobalSection(ProjectConfigurationPlatforms) = postSolution
		{E45C2DD8-0EB2-47E5-83EA-72FC22DD8A9E}.Debug|Any CPU.ActiveCfg = Debug|Any CPU
		{E45C2DD8-0EB2-47E5-83EA-72FC22DD8A9E}.Debug|Any CPU.Build.0 = Debug|Any CPU
	EndGlobalSection
	GlobalSection(SolutionProperties) = preSolution
		HideSolutionNode = FALSE
	EndGlobalSection
	GlobalSection(ExtensibilityGlobals) = postSolution
		SolutionGuid = {F55CE721-A848-442F-9DFE-739CA64B1D1D}
	EndGlobalSection
EndGlobal
