
Microsoft Visual Studio Solution File, Format Version 12.00
# Visual Studio 15
VisualStudioVersion = 15.0.27004.2008
MinimumVisualStudioVersion = 10.0.40219.1
Project("{FAE04EC0-301F-11D3-BF4B-00C04F79EFBC}") = "UVA_P100", "UVA_P100\UVA_P100.csproj", "{570F3784-4F63-4DAC-9C1C-FBE49E7A539D}"
EndProject
Global
	GlobalSection(SolutionConfigurationPlatforms) = preSolution
		Debug|Any CPU = Debug|Any CPU
		Release|Any CPU = Release|Any CPU
	EndGlobalSection
	GlobalSection(ProjectConfigurationPlatforms) = postSolution
		{570F3784-4F63-4DAC-9C1C-FBE49E7A539D}.Debug|Any CPU.ActiveCfg = Debug|Any CPU
		{570F3784-4F63-4DAC-9C1C-FBE49E7A539D}.Debug|Any CPU.Build.0 = Debug|Any CPU
		{570F3784-4F63-4DAC-9C1C-FBE49E7A539D}.Release|Any CPU.ActiveCfg = Release|Any CPU
		{570F3784-4F63-4DAC-9C1C-FBE49E7A539D}.Release|Any CPU.Build.0 = Release|Any CPU
	EndGlobalSection
	GlobalSection(SolutionProperties) = preSolution
		HideSolutionNode = FALSE
	EndGlobalSection
	GlobalSection(ExtensibilityGlobals) = postSolution
		SolutionGuid = {C5FF2170-8E40-4F2F-9B41-93106C464C5C}
	EndGlobalSection
EndGlobal
