
Microsoft Visual Studio Solution File, Format Version 12.00
# Visual Studio 15
VisualStudioVersion = 15.0.27004.2008
MinimumVisualStudioVersion = 10.0.40219.1
Project("{FAE04EC0-301F-11D3-BF4B-00C04F79EFBC}") = "Pelindrome", "Pelindrome\Pelindrome.csproj", "{D47D06F3-976B-4D7D-86AE-0A3B175FD426}"
EndProject
Global
	GlobalSection(SolutionConfigurationPlatforms) = preSolution
		Debug|Any CPU = Debug|Any CPU
		Release|Any CPU = Release|Any CPU
	EndGlobalSection
	GlobalSection(ProjectConfigurationPlatforms) = postSolution
		{D47D06F3-976B-4D7D-86AE-0A3B175FD426}.Debug|Any CPU.ActiveCfg = Debug|Any CPU
		{D47D06F3-976B-4D7D-86AE-0A3B175FD426}.Debug|Any CPU.Build.0 = Debug|Any CPU
		{D47D06F3-976B-4D7D-86AE-0A3B175FD426}.Release|Any CPU.ActiveCfg = Release|Any CPU
		{D47D06F3-976B-4D7D-86AE-0A3B175FD426}.Release|Any CPU.Build.0 = Release|Any CPU
	EndGlobalSection
	GlobalSection(SolutionProperties) = preSolution
		HideSolutionNode = FALSE
	EndGlobalSection
	GlobalSection(ExtensibilityGlobals) = postSolution
		SolutionGuid = {11503874-32C7-488A-8F51-55D2A500BC61}
	EndGlobalSection
EndGlobal
