
Microsoft Visual Studio Solution File, Format Version 12.00
# Visual Studio 15
VisualStudioVersion = 15.0.27004.2008
MinimumVisualStudioVersion = 10.0.40219.1
Project("{FAE04EC0-301F-11D3-BF4B-00C04F79EFBC}") = "CPU and RAM", "CPU and RAM\CPU and RAM.csproj", "{DA708EAA-AEC7-4F26-83AD-4FFC3E1E4885}"
EndProject
Global
	GlobalSection(SolutionConfigurationPlatforms) = preSolution
		Debug|Any CPU = Debug|Any CPU
		Release|Any CPU = Release|Any CPU
	EndGlobalSection
	GlobalSection(ProjectConfigurationPlatforms) = postSolution
		{DA708EAA-AEC7-4F26-83AD-4FFC3E1E4885}.Debug|Any CPU.ActiveCfg = Debug|Any CPU
		{DA708EAA-AEC7-4F26-83AD-4FFC3E1E4885}.Debug|Any CPU.Build.0 = Debug|Any CPU
		{DA708EAA-AEC7-4F26-83AD-4FFC3E1E4885}.Release|Any CPU.ActiveCfg = Release|Any CPU
		{DA708EAA-AEC7-4F26-83AD-4FFC3E1E4885}.Release|Any CPU.Build.0 = Release|Any CPU
	EndGlobalSection
	GlobalSection(SolutionProperties) = preSolution
		HideSolutionNode = FALSE
	EndGlobalSection
	GlobalSection(ExtensibilityGlobals) = postSolution
		SolutionGuid = {63498E0C-28B3-41DB-83B8-3E2FFC03F534}
	EndGlobalSection
EndGlobal
