
Microsoft Visual Studio Solution File, Format Version 12.00
# Visual Studio 15
VisualStudioVersion = 15.0.27004.2008
MinimumVisualStudioVersion = 10.0.40219.1
Project("{FAE04EC0-301F-11D3-BF4B-00C04F79EFBC}") = "LiveDatabaseTest", "LiveDatabaseTest\LiveDatabaseTest.csproj", "{73948CC2-4C01-4139-B50C-A4BB089773F6}"
EndProject
Global
	GlobalSection(SolutionConfigurationPlatforms) = preSolution
		Debug|Any CPU = Debug|Any CPU
		Release|Any CPU = Release|Any CPU
	EndGlobalSection
	GlobalSection(ProjectConfigurationPlatforms) = postSolution
		{73948CC2-4C01-4139-B50C-A4BB089773F6}.Debug|Any CPU.ActiveCfg = Debug|Any CPU
		{73948CC2-4C01-4139-B50C-A4BB089773F6}.Debug|Any CPU.Build.0 = Debug|Any CPU
		{73948CC2-4C01-4139-B50C-A4BB089773F6}.Release|Any CPU.ActiveCfg = Release|Any CPU
		{73948CC2-4C01-4139-B50C-A4BB089773F6}.Release|Any CPU.Build.0 = Release|Any CPU
	EndGlobalSection
	GlobalSection(SolutionProperties) = preSolution
		HideSolutionNode = FALSE
	EndGlobalSection
	GlobalSection(ExtensibilityGlobals) = postSolution
		SolutionGuid = {D95AAAB3-BAA3-49D3-A0A5-37D70662A6CF}
	EndGlobalSection
EndGlobal
