
Microsoft Visual Studio Solution File, Format Version 12.00
# Visual Studio 15
VisualStudioVersion = 15.0.27004.2008
MinimumVisualStudioVersion = 10.0.40219.1
Project("{FAE04EC0-301F-11D3-BF4B-00C04F79EFBC}") = "Intro_sorting_HackerRank", "Intro_sorting_HackerRank\Intro_sorting_HackerRank.csproj", "{7A22CFF5-834C-4C05-AB46-0AA71A9328CD}"
EndProject
Global
	GlobalSection(SolutionConfigurationPlatforms) = preSolution
		Debug|Any CPU = Debug|Any CPU
		Release|Any CPU = Release|Any CPU
	EndGlobalSection
	GlobalSection(ProjectConfigurationPlatforms) = postSolution
		{7A22CFF5-834C-4C05-AB46-0AA71A9328CD}.Debug|Any CPU.ActiveCfg = Debug|Any CPU
		{7A22CFF5-834C-4C05-AB46-0AA71A9328CD}.Debug|Any CPU.Build.0 = Debug|Any CPU
		{7A22CFF5-834C-4C05-AB46-0AA71A9328CD}.Release|Any CPU.ActiveCfg = Release|Any CPU
		{7A22CFF5-834C-4C05-AB46-0AA71A9328CD}.Release|Any CPU.Build.0 = Release|Any CPU
	EndGlobalSection
	GlobalSection(SolutionProperties) = preSolution
		HideSolutionNode = FALSE
	EndGlobalSection
	GlobalSection(ExtensibilityGlobals) = postSolution
		SolutionGuid = {2F3F5E7E-C508-4655-98C8-0B780D1F3DD2}
	EndGlobalSection
EndGlobal
