
Microsoft Visual Studio Solution File, Format Version 12.00
# Visual Studio 15
VisualStudioVersion = 15.0.27004.2008
MinimumVisualStudioVersion = 10.0.40219.1
Project("{FAE04EC0-301F-11D3-BF4B-00C04F79EFBC}") = "sortingIntro_Hackerrank", "sortingIntro_Hackerrank\sortingIntro_Hackerrank.csproj", "{CE750510-7A1A-46C5-A8F2-C1476CA186A1}"
EndProject
Global
	GlobalSection(SolutionConfigurationPlatforms) = preSolution
		Debug|Any CPU = Debug|Any CPU
		Release|Any CPU = Release|Any CPU
	EndGlobalSection
	GlobalSection(ProjectConfigurationPlatforms) = postSolution
		{CE750510-7A1A-46C5-A8F2-C1476CA186A1}.Debug|Any CPU.ActiveCfg = Debug|Any CPU
		{CE750510-7A1A-46C5-A8F2-C1476CA186A1}.Debug|Any CPU.Build.0 = Debug|Any CPU
		{CE750510-7A1A-46C5-A8F2-C1476CA186A1}.Release|Any CPU.ActiveCfg = Release|Any CPU
		{CE750510-7A1A-46C5-A8F2-C1476CA186A1}.Release|Any CPU.Build.0 = Release|Any CPU
	EndGlobalSection
	GlobalSection(SolutionProperties) = preSolution
		HideSolutionNode = FALSE
	EndGlobalSection
	GlobalSection(ExtensibilityGlobals) = postSolution
		SolutionGuid = {8AC49CFF-F65E-41D9-8322-30E3D10F4978}
	EndGlobalSection
EndGlobal
