
Microsoft Visual Studio Solution File, Format Version 12.00
# Visual Studio 15
VisualStudioVersion = 15.0.27004.2008
MinimumVisualStudioVersion = 10.0.40219.1
Project("{FAE04EC0-301F-11D3-BF4B-00C04F79EFBC}") = "MiniCodeCompiler", "MiniCodeCompiler\MiniCodeCompiler.csproj", "{32E9FC95-5CEB-4697-BD8D-C3B112BBF116}"
EndProject
Global
	GlobalSection(SolutionConfigurationPlatforms) = preSolution
		Debug|Any CPU = Debug|Any CPU
		Release|Any CPU = Release|Any CPU
	EndGlobalSection
	GlobalSection(ProjectConfigurationPlatforms) = postSolution
		{32E9FC95-5CEB-4697-BD8D-C3B112BBF116}.Debug|Any CPU.ActiveCfg = Debug|Any CPU
		{32E9FC95-5CEB-4697-BD8D-C3B112BBF116}.Debug|Any CPU.Build.0 = Debug|Any CPU
		{32E9FC95-5CEB-4697-BD8D-C3B112BBF116}.Release|Any CPU.ActiveCfg = Release|Any CPU
		{32E9FC95-5CEB-4697-BD8D-C3B112BBF116}.Release|Any CPU.Build.0 = Release|Any CPU
	EndGlobalSection
	GlobalSection(SolutionProperties) = preSolution
		HideSolutionNode = FALSE
	EndGlobalSection
	GlobalSection(ExtensibilityGlobals) = postSolution
		SolutionGuid = {1105D1D5-C1CB-4BB8-952B-85A722C6C109}
	EndGlobalSection
EndGlobal
