
Microsoft Visual Studio Solution File, Format Version 12.00
# Visual Studio 15
VisualStudioVersion = 15.0.27004.2008
MinimumVisualStudioVersion = 10.0.40219.1
Project("{FAE04EC0-301F-11D3-BF4B-00C04F79EFBC}") = "UVA_P524", "UVA_P524\UVA_P524.csproj", "{FE15C2B8-A705-49A2-B8A2-95A5E0D8E6CB}"
EndProject
Global
	GlobalSection(SolutionConfigurationPlatforms) = preSolution
		Debug|Any CPU = Debug|Any CPU
		Release|Any CPU = Release|Any CPU
	EndGlobalSection
	GlobalSection(ProjectConfigurationPlatforms) = postSolution
		{FE15C2B8-A705-49A2-B8A2-95A5E0D8E6CB}.Debug|Any CPU.ActiveCfg = Debug|Any CPU
		{FE15C2B8-A705-49A2-B8A2-95A5E0D8E6CB}.Debug|Any CPU.Build.0 = Debug|Any CPU
		{FE15C2B8-A705-49A2-B8A2-95A5E0D8E6CB}.Release|Any CPU.ActiveCfg = Release|Any CPU
		{FE15C2B8-A705-49A2-B8A2-95A5E0D8E6CB}.Release|Any CPU.Build.0 = Release|Any CPU
	EndGlobalSection
	GlobalSection(SolutionProperties) = preSolution
		HideSolutionNode = FALSE
	EndGlobalSection
	GlobalSection(ExtensibilityGlobals) = postSolution
		SolutionGuid = {4CD80C41-894F-46F0-8075-25370D389431}
	EndGlobalSection
EndGlobal
